// !$*UTF8*$!
{
	archiveVersion = 1;
	classes = {
	};
	objectVersion = 77;
	objects = {

/* Begin PBXContainerItemProxy section */
		1EBCC68F2D93B569007A1D70 /* PBXContainerItemProxy */ = {
			isa = PBXContainerItemProxy;
			containerPortal = 1EBCC6742D93B568007A1D70 /* Project object */;
			proxyType = 1;
			remoteGlobalIDString = 1EBCC67B2D93B568007A1D70;
			remoteInfo = goppo;
		};
		1EBCC6992D93B569007A1D70 /* PBXContainerItemProxy */ = {
			isa = PBXContainerItemProxy;
			containerPortal = 1EBCC6742D93B568007A1D70 /* Project object */;
			proxyType = 1;
			remoteGlobalIDString = 1EBCC67B2D93B568007A1D70;
			remoteInfo = goppo;
		};
/* End PBXContainerItemProxy section */

/* Begin PBXFileReference section */
		1EBCC67C2D93B568007A1D70 /* goppo.app */ = {isa = PBXFileReference; explicitFileType = wrapper.application; includeInIndex = 0; path = goppo.app; sourceTree = BUILT_PRODUCTS_DIR; };
		1EBCC68E2D93B569007A1D70 /* goppoTests.xctest */ = {isa = PBXFileReference; explicitFileType = wrapper.cfbundle; includeInIndex = 0; path = goppoTests.xctest; sourceTree = BUILT_PRODUCTS_DIR; };
		1EBCC6982D93B569007A1D70 /* goppoUITests.xctest */ = {isa = PBXFileReference; explicitFileType = wrapper.cfbundle; includeInIndex = 0; path = goppoUITests.xctest; sourceTree = BUILT_PRODUCTS_DIR; };
/* End PBXFileReference section */

/* Begin PBXFileSystemSynchronizedBuildFileExceptionSet section */
		5CE2D4062DA69A5800228DF2 /* Exceptions for "goppo" folder in "goppo" target */ = {
			isa = PBXFileSystemSynchronizedBuildFileExceptionSet;
			membershipExceptions = (
				Info.plist,
			);
			target = 1EBCC67B2D93B568007A1D70 /* goppo */;
		};
/* End PBXFileSystemSynchronizedBuildFileExceptionSet section */

/* Begin PBXFileSystemSynchronizedRootGroup section */
		1EBCC67E2D93B568007A1D70 /* goppo */ = {
			isa = PBXFileSystemSynchronizedRootGroup;
			exceptions = (
				5CE2D4062DA69A5800228DF2 /* Exceptions for "goppo" folder in "goppo" target */,
			);
			path = goppo;
			sourceTree = "<group>";
		};
		1EBCC6912D93B569007A1D70 /* goppoTests */ = {
			isa = PBXFileSystemSynchronizedRootGroup;
			path = goppoTests;
			sourceTree = "<group>";
		};
		1EBCC69B2D93B569007A1D70 /* goppoUITests */ = {
			isa = PBXFileSystemSynchronizedRootGroup;
			path = goppoUITests;
			sourceTree = "<group>";
		};
/* End PBXFileSystemSynchronizedRootGroup section */

/* Begin PBXFrameworksBuildPhase section */
		1EBCC6792D93B568007A1D70 /* Frameworks */ = {
			isa = PBXFrameworksBuildPhase;
			buildActionMask = 2147483647;
			files = (
			);
			runOnlyForDeploymentPostprocessing = 0;
		};
		1EBCC68B2D93B569007A1D70 /* Frameworks */ = {
			isa = PBXFrameworksBuildPhase;
			buildActionMask = 2147483647;
			files = (
			);
			runOnlyForDeploymentPostprocessing = 0;
		};
		1EBCC6952D93B569007A1D70 /* Frameworks */ = {
			isa = PBXFrameworksBuildPhase;
			buildActionMask = 2147483647;
			files = (
			);
			runOnlyForDeploymentPostprocessing = 0;
		};
/* End PBXFrameworksBuildPhase section */

/* Begin PBXGroup section */
		1EBCC6732D93B568007A1D70 = {
			isa = PBXGroup;
			children = (
				1EBCC67E2D93B568007A1D70 /* goppo */,
				1EBCC6912D93B569007A1D70 /* goppoTests */,
				1EBCC69B2D93B569007A1D70 /* goppoUITests */,
				1EBCC67D2D93B568007A1D70 /* Products */,
			);
			sourceTree = "<group>";
		};
		1EBCC67D2D93B568007A1D70 /* Products */ = {
			isa = PBXGroup;
			children = (
				1EBCC67C2D93B568007A1D70 /* goppo.app */,
				1EBCC68E2D93B569007A1D70 /* goppoTests.xctest */,
				1EBCC6982D93B569007A1D70 /* goppoUITests.xctest */,
			);
			name = Products;
			sourceTree = "<group>";
		};
/* End PBXGroup section */

/* Begin PBXNativeTarget section */
		1EBCC67B2D93B568007A1D70 /* goppo */ = {
			isa = PBXNativeTarget;
			buildConfigurationList = 1EBCC6A22D93B569007A1D70 /* Build configuration list for PBXNativeTarget "goppo" */;
			buildPhases = (
				1EBCC6782D93B568007A1D70 /* Sources */,
				1EBCC6792D93B568007A1D70 /* Frameworks */,
				1EBCC67A2D93B568007A1D70 /* Resources */,
			);
			buildRules = (
			);
			dependencies = (
			);
			fileSystemSynchronizedGroups = (
				1EBCC67E2D93B568007A1D70 /* goppo */,
			);
			name = goppo;
			packageProductDependencies = (
			);
			productName = goppo;
			productReference = 1EBCC67C2D93B568007A1D70 /* goppo.app */;
			productType = "com.apple.product-type.application";
		};
		1EBCC68D2D93B569007A1D70 /* goppoTests */ = {
			isa = PBXNativeTarget;
			buildConfigurationList = 1EBCC6A52D93B569007A1D70 /* Build configuration list for PBXNativeTarget "goppoTests" */;
			buildPhases = (
				1EBCC68A2D93B569007A1D70 /* Sources */,
				1EBCC68B2D93B569007A1D70 /* Frameworks */,
				1EBCC68C2D93B569007A1D70 /* Resources */,
			);
			buildRules = (
			);
			dependencies = (
				1EBCC6902D93B569007A1D70 /* PBXTargetDependency */,
			);
			fileSystemSynchronizedGroups = (
				1EBCC6912D93B569007A1D70 /* goppoTests */,
			);
			name = goppoTests;
			packageProductDependencies = (
			);
			productName = goppoTests;
			productReference = 1EBCC68E2D93B569007A1D70 /* goppoTests.xctest */;
			productType = "com.apple.product-type.bundle.unit-test";
		};
		1EBCC6972D93B569007A1D70 /* goppoUITests */ = {
			isa = PBXNativeTarget;
			buildConfigurationList = 1EBCC6A82D93B569007A1D70 /* Build configuration list for PBXNativeTarget "goppoUITests" */;
			buildPhases = (
				1EBCC6942D93B569007A1D70 /* Sources */,
				1EBCC6952D93B569007A1D70 /* Frameworks */,
				1EBCC6962D93B569007A1D70 /* Resources */,
			);
			buildRules = (
			);
			dependencies = (
				1EBCC69A2D93B569007A1D70 /* PBXTargetDependency */,
			);
			fileSystemSynchronizedGroups = (
				1EBCC69B2D93B569007A1D70 /* goppoUITests */,
			);
			name = goppoUITests;
			packageProductDependencies = (
			);
			productName = goppoUITests;
			productReference = 1EBCC6982D93B569007A1D70 /* goppoUITests.xctest */;
			productType = "com.apple.product-type.bundle.ui-testing";
		};
/* End PBXNativeTarget section */

/* Begin PBXProject section */
		1EBCC6742D93B568007A1D70 /* Project object */ = {
			isa = PBXProject;
			attributes = {
				BuildIndependentTargetsInParallel = 1;
				LastSwiftUpdateCheck = 1620;
				LastUpgradeCheck = 1620;
				TargetAttributes = {
					1EBCC67B2D93B568007A1D70 = {
						CreatedOnToolsVersion = 16.2;
					};
					1EBCC68D2D93B569007A1D70 = {
						CreatedOnToolsVersion = 16.2;
						TestTargetID = 1EBCC67B2D93B568007A1D70;
					};
					1EBCC6972D93B569007A1D70 = {
						CreatedOnToolsVersion = 16.2;
						TestTargetID = 1EBCC67B2D93B568007A1D70;
					};
				};
			};
			buildConfigurationList = 1EBCC6772D93B568007A1D70 /* Build configuration list for PBXProject "goppo" */;
			developmentRegion = en;
			hasScannedForEncodings = 0;
			knownRegions = (
				en,
				Base,
			);
			mainGroup = 1EBCC6732D93B568007A1D70;
			minimizedProjectReferenceProxies = 1;
			preferredProjectObjectVersion = 77;
			productRefGroup = 1EBCC67D2D93B568007A1D70 /* Products */;
			projectDirPath = "";
			projectRoot = "";
			targets = (
				1EBCC67B2D93B568007A1D70 /* goppo */,
				1EBCC68D2D93B569007A1D70 /* goppoTests */,
				1EBCC6972D93B569007A1D70 /* goppoUITests */,
			);
		};
/* End PBXProject section */

/* Begin PBXResourcesBuildPhase section */
		1EBCC67A2D93B568007A1D70 /* Resources */ = {
			isa = PBXResourcesBuildPhase;
			buildActionMask = 2147483647;
			files = (
			);
			runOnlyForDeploymentPostprocessing = 0;
		};
		1EBCC68C2D93B569007A1D70 /* Resources */ = {
			isa = PBXResourcesBuildPhase;
			buildActionMask = 2147483647;
			files = (
			);
			runOnlyForDeploymentPostprocessing = 0;
		};
		1EBCC6962D93B569007A1D70 /* Resources */ = {
			isa = PBXResourcesBuildPhase;
			buildActionMask = 2147483647;
			files = (
			);
			runOnlyForDeploymentPostprocessing = 0;
		};
/* End PBXResourcesBuildPhase section */

/* Begin PBXSourcesBuildPhase section */
		1EBCC6782D93B568007A1D70 /* Sources */ = {
			isa = PBXSourcesBuildPhase;
			buildActionMask = 2147483647;
			files = (
			);
			runOnlyForDeploymentPostprocessing = 0;
		};
		1EBCC68A2D93B569007A1D70 /* Sources */ = {
			isa = PBXSourcesBuildPhase;
			buildActionMask = 2147483647;
			files = (
			);
			runOnlyForDeploymentPostprocessing = 0;
		};
		1EBCC6942D93B569007A1D70 /* Sources */ = {
			isa = PBXSourcesBuildPhase;
			buildActionMask = 2147483647;
			files = (
			);
			runOnlyForDeploymentPostprocessing = 0;
		};
/* End PBXSourcesBuildPhase section */

/* Begin PBXTargetDependency section */
		1EBCC6902D93B569007A1D70 /* PBXTargetDependency */ = {
			isa = PBXTargetDependency;
			target = 1EBCC67B2D93B568007A1D70 /* goppo */;
			targetProxy = 1EBCC68F2D93B569007A1D70 /* PBXContainerItemProxy */;
		};
		1EBCC69A2D93B569007A1D70 /* PBXTargetDependency */ = {
			isa = PBXTargetDependency;
			target = 1EBCC67B2D93B568007A1D70 /* goppo */;
			targetProxy = 1EBCC6992D93B569007A1D70 /* PBXContainerItemProxy */;
		};
/* End PBXTargetDependency section */

/* Begin XCBuildConfiguration section */
		1EBCC6A02D93B569007A1D70 /* Debug */ = {
			isa = XCBuildConfiguration;
			buildSettings = {
				ALWAYS_SEARCH_USER_PATHS = NO;
				ASSETCATALOG_COMPILER_GENERATE_SWIFT_ASSET_SYMBOL_EXTENSIONS = YES;
				CLANG_ANALYZER_NONNULL = YES;
				CLANG_ANALYZER_NUMBER_OBJECT_CONVERSION = YES_AGGRESSIVE;
				CLANG_CXX_LANGUAGE_STANDARD = "gnu++20";
				CLANG_ENABLE_MODULES = YES;
				CLANG_ENABLE_OBJC_ARC = YES;
				CLANG_ENABLE_OBJC_WEAK = YES;
				CLANG_WARN_BLOCK_CAPTURE_AUTORELEASING = YES;
				CLANG_WARN_BOOL_CONVERSION = YES;
				CLANG_WARN_COMMA = YES;
				CLANG_WARN_CONSTANT_CONVERSION = YES;
				CLANG_WARN_DEPRECATED_OBJC_IMPLEMENTATIONS = YES;
				CLANG_WARN_DIRECT_OBJC_ISA_USAGE = YES_ERROR;
				CLANG_WARN_DOCUMENTATION_COMMENTS = YES;
				CLANG_WARN_EMPTY_BODY = YES;
				CLANG_WARN_ENUM_CONVERSION = YES;
				CLANG_WARN_INFINITE_RECURSION = YES;
				CLANG_WARN_INT_CONVERSION = YES;
				CLANG_WARN_NON_LITERAL_NULL_CONVERSION = YES;
				CLANG_WARN_OBJC_IMPLICIT_RETAIN_SELF = YES;
				CLANG_WARN_OBJC_LITERAL_CONVERSION = YES;
				CLANG_WARN_OBJC_ROOT_CLASS = YES_ERROR;
				CLANG_WARN_QUOTED_INCLUDE_IN_FRAMEWORK_HEADER = YES;
				CLANG_WARN_RANGE_LOOP_ANALYSIS = YES;
				CLANG_WARN_STRICT_PROTOTYPES = YES;
				CLANG_WARN_SUSPICIOUS_MOVE = YES;
				CLANG_WARN_UNGUARDED_AVAILABILITY = YES_AGGRESSIVE;
				CLANG_WARN_UNREACHABLE_CODE = YES;
				CLANG_WARN__DUPLICATE_METHOD_MATCH = YES;
				COPY_PHASE_STRIP = NO;
				DEBUG_INFORMATION_FORMAT = dwarf;
				ENABLE_STRICT_OBJC_MSGSEND = YES;
				ENABLE_TESTABILITY = YES;
				ENABLE_USER_SCRIPT_SANDBOXING = YES;
				GCC_C_LANGUAGE_STANDARD = gnu17;
				GCC_DYNAMIC_NO_PIC = NO;
				GCC_NO_COMMON_BLOCKS = YES;
				GCC_OPTIMIZATION_LEVEL = 0;
				GCC_PREPROCESSOR_DEFINITIONS = (
					"DEBUG=1",
					"$(inherited)",
				);
				GCC_WARN_64_TO_32_BIT_CONVERSION = YES;
				GCC_WARN_ABOUT_RETURN_TYPE = YES_ERROR;
				GCC_WARN_UNDECLARED_SELECTOR = YES;
				GCC_WARN_UNINITIALIZED_AUTOS = YES_AGGRESSIVE;
				GCC_WARN_UNUSED_FUNCTION = YES;
				GCC_WARN_UNUSED_VARIABLE = YES;
				IPHONEOS_DEPLOYMENT_TARGET = 18.2;
				LOCALIZATION_PREFERS_STRING_CATALOGS = YES;
				MTL_ENABLE_DEBUG_INFO = INCLUDE_SOURCE;
				MTL_FAST_MATH = YES;
				ONLY_ACTIVE_ARCH = YES;
				SDKROOT = iphoneos;
				SWIFT_ACTIVE_COMPILATION_CONDITIONS = "DEBUG $(inherited)";
				SWIFT_OPTIMIZATION_LEVEL = "-Onone";
			};
			name = Debug;
		};
		1EBCC6A12D93B569007A1D70 /* Release */ = {
			isa = XCBuildConfiguration;
			buildSettings = {
				ALWAYS_SEARCH_USER_PATHS = NO;
				ASSETCATALOG_COMPILER_GENERATE_SWIFT_ASSET_SYMBOL_EXTENSIONS = YES;
				CLANG_ANALYZER_NONNULL = YES;
				CLANG_ANALYZER_NUMBER_OBJECT_CONVERSION = YES_AGGRESSIVE;
				CLANG_CXX_LANGUAGE_STANDARD = "gnu++20";
				CLANG_ENABLE_MODULES = YES;
				CLANG_ENABLE_OBJC_ARC = YES;
				CLANG_ENABLE_OBJC_WEAK = YES;
				CLANG_WARN_BLOCK_CAPTURE_AUTORELEASING = YES;
				CLANG_WARN_BOOL_CONVERSION = YES;
				CLANG_WARN_COMMA = YES;
				CLANG_WARN_CONSTANT_CONVERSION = YES;
				CLANG_WARN_DEPRECATED_OBJC_IMPLEMENTATIONS = YES;
				CLANG_WARN_DIRECT_OBJC_ISA_USAGE = YES_ERROR;
				CLANG_WARN_DOCUMENTATION_COMMENTS = YES;
				CLANG_WARN_EMPTY_BODY = YES;
				CLANG_WARN_ENUM_CONVERSION = YES;
				CLANG_WARN_INFINITE_RECURSION = YES;
				CLANG_WARN_INT_CONVERSION = YES;
				CLANG_WARN_NON_LITERAL_NULL_CONVERSION = YES;
				CLANG_WARN_OBJC_IMPLICIT_RETAIN_SELF = YES;
				CLANG_WARN_OBJC_LITERAL_CONVERSION = YES;
				CLANG_WARN_OBJC_ROOT_CLASS = YES_ERROR;
				CLANG_WARN_QUOTED_INCLUDE_IN_FRAMEWORK_HEADER = YES;
				CLANG_WARN_RANGE_LOOP_ANALYSIS = YES;
				CLANG_WARN_STRICT_PROTOTYPES = YES;
				CLANG_WARN_SUSPICIOUS_MOVE = YES;
				CLANG_WARN_UNGUARDED_AVAILABILITY = YES_AGGRESSIVE;
				CLANG_WARN_UNREACHABLE_CODE = YES;
				CLANG_WARN__DUPLICATE_METHOD_MATCH = YES;
				COPY_PHASE_STRIP = NO;
				DEBUG_INFORMATION_FORMAT = "dwarf-with-dsym";
				ENABLE_NS_ASSERTIONS = NO;
				ENABLE_STRICT_OBJC_MSGSEND = YES;
				ENABLE_USER_SCRIPT_SANDBOXING = YES;
				GCC_C_LANGUAGE_STANDARD = gnu17;
				GCC_NO_COMMON_BLOCKS = YES;
				GCC_WARN_64_TO_32_BIT_CONVERSION = YES;
				GCC_WARN_ABOUT_RETURN_TYPE = YES_ERROR;
				GCC_WARN_UNDECLARED_SELECTOR = YES;
				GCC_WARN_UNINITIALIZED_AUTOS = YES_AGGRESSIVE;
				GCC_WARN_UNUSED_FUNCTION = YES;
				GCC_WARN_UNUSED_VARIABLE = YES;
				IPHONEOS_DEPLOYMENT_TARGET = 18.2;
				LOCALIZATION_PREFERS_STRING_CATALOGS = YES;
				MTL_ENABLE_DEBUG_INFO = NO;
				MTL_FAST_MATH = YES;
				SDKROOT = iphoneos;
				SWIFT_COMPILATION_MODE = wholemodule;
				VALIDATE_PRODUCT = YES;
			};
			name = Release;
		};
		1EBCC6A32D93B569007A1D70 /* Debug */ = {
			isa = XCBuildConfiguration;
			buildSettings = {
				ASSETCATALOG_COMPILER_APPICON_NAME = AppIcon;
				ASSETCATALOG_COMPILER_GLOBAL_ACCENT_COLOR_NAME = AccentColor;
				CODE_SIGN_STYLE = Automatic;
				CURRENT_PROJECT_VERSION = 1;
				DEVELOPMENT_ASSET_PATHS = "\"goppo/Preview Content\"";
				DEVELOPMENT_TEAM = ZF8385FQ34;
				ENABLE_PREVIEWS = YES;
				GENERATE_INFOPLIST_FILE = YES;
				INFOPLIST_FILE = goppo/Info.plist;
				INFOPLIST_KEY_UIApplicationSceneManifest_Generation = YES;
				INFOPLIST_KEY_UIApplicationSupportsIndirectInputEvents = YES;
				INFOPLIST_KEY_UILaunchScreen_Generation = YES;
				INFOPLIST_KEY_UISupportedInterfaceOrientations_iPad = "UIInterfaceOrientationPortrait UIInterfaceOrientationPortraitUpsideDown UIInterfaceOrientationLandscapeLeft UIInterfaceOrientationLandscapeRight";
				INFOPLIST_KEY_UISupportedInterfaceOrientations_iPhone = "UIInterfaceOrientationPortrait UIInterfaceOrientationLandscapeLeft UIInterfaceOrientationLandscapeRight";
				LD_RUNPATH_SEARCH_PATHS = (
					"$(inherited)",
					"@executable_path/Frameworks",
				);
				MARKETING_VERSION = 1.0;
				PRODUCT_BUNDLE_IDENTIFIER = rian.goppo;
				PRODUCT_NAME = "$(TARGET_NAME)";
				SWIFT_EMIT_LOC_STRINGS = YES;
				SWIFT_VERSION = 5.0;
				TARGETED_DEVICE_FAMILY = "1,2";
			};
			name = Debug;
		};
		1EBCC6A42D93B569007A1D70 /* Release */ = {
			isa = XCBuildConfiguration;
			buildSettings = {
				ASSETCATALOG_COMPILER_APPICON_NAME = AppIcon;
				ASSETCATALOG_COMPILER_GLOBAL_ACCENT_COLOR_NAME = AccentColor;
				CODE_SIGN_STYLE = Automatic;
				CURRENT_PROJECT_VERSION = 1;
				DEVELOPMENT_ASSET_PATHS = "\"goppo/Preview Content\"";
				DEVELOPMENT_TEAM = ZF8385FQ34;
				ENABLE_PREVIEWS = YES;
				GENERATE_INFOPLIST_FILE = YES;
				INFOPLIST_FILE = goppo/Info.plist;
				INFOPLIST_KEY_UIApplicationSceneManifest_Generation = YES;
				INFOPLIST_KEY_UIApplicationSupportsIndirectInputEvents = YES;
				INFOPLIST_KEY_UILaunchScreen_Generation = YES;
				INFOPLIST_KEY_UISupportedInterfaceOrientations_iPad = "UIInterfaceOrientationPortrait UIInterfaceOrientationPortraitUpsideDown UIInterfaceOrientationLandscapeLeft UIInterfaceOrientationLandscapeRight";
				INFOPLIST_KEY_UISupportedInterfaceOrientations_iPhone = "UIInterfaceOrientationPortrait UIInterfaceOrientationLandscapeLeft UIInterfaceOrientationLandscapeRight";
				LD_RUNPATH_SEARCH_PATHS = (
					"$(inherited)",
					"@executable_path/Frameworks",
				);
				MARKETING_VERSION = 1.0;
				PRODUCT_BUNDLE_IDENTIFIER = rian.goppo;
				PRODUCT_NAME = "$(TARGET_NAME)";
				SWIFT_EMIT_LOC_STRINGS = YES;
				SWIFT_VERSION = 5.0;
				TARGETED_DEVICE_FAMILY = "1,2";
			};
			name = Release;
		};
		1EBCC6A62D93B569007A1D70 /* Debug */ = {
			isa = XCBuildConfiguration;
			buildSettings = {
				BUNDLE_LOADER = "$(TEST_HOST)";
				CODE_SIGN_STYLE = Automatic;
				CURRENT_PROJECT_VERSION = 1;
				GENERATE_INFOPLIST_FILE = YES;
				IPHONEOS_DEPLOYMENT_TARGET = 18.2;
				MARKETING_VERSION = 1.0;
				PRODUCT_BUNDLE_IDENTIFIER = aldrian.goppoTests;
				PRODUCT_NAME = "$(TARGET_NAME)";
				SWIFT_EMIT_LOC_STRINGS = NO;
				SWIFT_VERSION = 5.0;
				TARGETED_DEVICE_FAMILY = "1,2";
				TEST_HOST = "$(BUILT_PRODUCTS_DIR)/goppo.app/$(BUNDLE_EXECUTABLE_FOLDER_PATH)/goppo";
			};
			name = Debug;
		};
		1EBCC6A72D93B569007A1D70 /* Release */ = {
			isa = XCBuildConfiguration;
			buildSettings = {
				BUNDLE_LOADER = "$(TEST_HOST)";
				CODE_SIGN_STYLE = Automatic;
				CURRENT_PROJECT_VERSION = 1;
				GENERATE_INFOPLIST_FILE = YES;
				IPHONEOS_DEPLOYMENT_TARGET = 18.2;
				MARKETING_VERSION = 1.0;
				PRODUCT_BUNDLE_IDENTIFIER = aldrian.goppoTests;
				PRODUCT_NAME = "$(TARGET_NAME)";
				SWIFT_EMIT_LOC_STRINGS = NO;
				SWIFT_VERSION = 5.0;
				TARGETED_DEVICE_FAMILY = "1,2";
				TEST_HOST = "$(BUILT_PRODUCTS_DIR)/goppo.app/$(BUNDLE_EXECUTABLE_FOLDER_PATH)/goppo";
			};
			name = Release;
		};
		1EBCC6A92D93B569007A1D70 /* Debug */ = {
			isa = XCBuildConfiguration;
			buildSettings = {
				CODE_SIGN_STYLE = Automatic;
				CURRENT_PROJECT_VERSION = 1;
				GENERATE_INFOPLIST_FILE = YES;
				MARKETING_VERSION = 1.0;
				PRODUCT_BUNDLE_IDENTIFIER = aldrian.goppoUITests;
				PRODUCT_NAME = "$(TARGET_NAME)";
				SWIFT_EMIT_LOC_STRINGS = NO;
				SWIFT_VERSION = 5.0;
				TARGETED_DEVICE_FAMILY = "1,2";
				TEST_TARGET_NAME = goppo;
			};
			name = Debug;
		};
		1EBCC6AA2D93B569007A1D70 /* Release */ = {
			isa = XCBuildConfiguration;
			buildSettings = {
				CODE_SIGN_STYLE = Automatic;
				CURRENT_PROJECT_VERSION = 1;
				GENERATE_INFOPLIST_FILE = YES;
				MARKETING_VERSION = 1.0;
				PRODUCT_BUNDLE_IDENTIFIER = aldrian.goppoUITests;
				PRODUCT_NAME = "$(TARGET_NAME)";
				SWIFT_EMIT_LOC_STRINGS = NO;
				SWIFT_VERSION = 5.0;
				TARGETED_DEVICE_FAMILY = "1,2";
				TEST_TARGET_NAME = goppo;
			};
			name = Release;
		};
/* End XCBuildConfiguration section */

/* Begin XCConfigurationList section */
		1EBCC6772D93B568007A1D70 /* Build configuration list for PBXProject "goppo" */ = {
			isa = XCConfigurationList;
			buildConfigurations = (
				1EBCC6A02D93B569007A1D70 /* Debug */,
				1EBCC6A12D93B569007A1D70 /* Release */,
			);
			defaultConfigurationIsVisible = 0;
			defaultConfigurationName = Release;
		};
		1EBCC6A22D93B569007A1D70 /* Build configuration list for PBXNativeTarget "goppo" */ = {
			isa = XCConfigurationList;
			buildConfigurations = (
				1EBCC6A32D93B569007A1D70 /* Debug */,
				1EBCC6A42D93B569007A1D70 /* Release */,
			);
			defaultConfigurationIsVisible = 0;
			defaultConfigurationName = Release;
		};
		1EBCC6A52D93B569007A1D70 /* Build configuration list for PBXNativeTarget "goppoTests" */ = {
			isa = XCConfigurationList;
			buildConfigurations = (
				1EBCC6A62D93B569007A1D70 /* Debug */,
				1EBCC6A72D93B569007A1D70 /* Release */,
			);
			defaultConfigurationIsVisible = 0;
			defaultConfigurationName = Release;
		};
		1EBCC6A82D93B569007A1D70 /* Build configuration list for PBXNativeTarget "goppoUITests" */ = {
			isa = XCConfigurationList;
			buildConfigurations = (
				1EBCC6A92D93B569007A1D70 /* Debug */,
				1EBCC6AA2D93B569007A1D70 /* Release */,
			);
			defaultConfigurationIsVisible = 0;
			defaultConfigurationName = Release;
		};
/* End XCConfigurationList section */
	};
	rootObject = 1EBCC6742D93B568007A1D70 /* Project object */;
}
